
Microsoft Visual Studio Solution File, Format Version 12.00
# Visual Studio 2012
Project("{FAE04EC0-301F-11D3-BF4B-00C04F79EFBC}") = "babysteps", "babysteps\babysteps.csproj", "{2EFE994A-E0AF-4BAC-8548-B1DA24E6ED24}"
EndProject
Global
	GlobalSection(SolutionConfigurationPlatforms) = preSolution
		Debug|iPhoneSimulator = Debug|iPhoneSimulator
		Release|iPhone = Release|iPhone
		Release|iPhoneSimulator = Release|iPhoneSimulator
		Debug|iPhone = Debug|iPhone
	EndGlobalSection
	GlobalSection(ProjectConfigurationPlatforms) = postSolution
		{2EFE994A-E0AF-4BAC-8548-B1DA24E6ED24}.Debug|iPhoneSimulator.ActiveCfg = Debug|iPhoneSimulator
		{2EFE994A-E0AF-4BAC-8548-B1DA24E6ED24}.Debug|iPhoneSimulator.Build.0 = Debug|iPhoneSimulator
		{2EFE994A-E0AF-4BAC-8548-B1DA24E6ED24}.Release|iPhone.ActiveCfg = Release|iPhone
		{2EFE994A-E0AF-4BAC-8548-B1DA24E6ED24}.Release|iPhone.Build.0 = Release|iPhone
		{2EFE994A-E0AF-4BAC-8548-B1DA24E6ED24}.Release|iPhoneSimulator.ActiveCfg = Release|iPhoneSimulator
		{2EFE994A-E0AF-4BAC-8548-B1DA24E6ED24}.Release|iPhoneSimulator.Build.0 = Release|iPhoneSimulator
		{2EFE994A-E0AF-4BAC-8548-B1DA24E6ED24}.Debug|iPhone.ActiveCfg = Debug|iPhone
		{2EFE994A-E0AF-4BAC-8548-B1DA24E6ED24}.Debug|iPhone.Build.0 = Debug|iPhone
	EndGlobalSection
EndGlobal
